
Microsoft Visual Studio Solution File, Format Version 12.00
# Visual Studio Version 17
VisualStudioVersion = 17.6.33829.357
MinimumVisualStudioVersion = 10.0.40219.1
Project("{FAE04EC0-301F-11D3-BF4B-00C04F79EFBC}") = "UnitTestingGitHub", "UnitTestingGitHub\UnitTestingGitHub.csproj", "{584DF2BE-907D-4982-AE37-E32B4FB29897}"
EndProject
Project("{FAE04EC0-301F-11D3-BF4B-00C04F79EFBC}") = "TestProject", "TestProject\TestProject.csproj", "{85D803C4-E8FD-4322-B92C-86CDF1C39623}"
EndProject
Global
	GlobalSection(SolutionConfigurationPlatforms) = preSolution
		Debug|Any CPU = Debug|Any CPU
		Release|Any CPU = Release|Any CPU
	EndGlobalSection
	GlobalSection(ProjectConfigurationPlatforms) = postSolution
		{584DF2BE-907D-4982-AE37-E32B4FB29897}.Debug|Any CPU.ActiveCfg = Debug|Any CPU
		{584DF2BE-907D-4982-AE37-E32B4FB29897}.Debug|Any CPU.Build.0 = Debug|Any CPU
		{584DF2BE-907D-4982-AE37-E32B4FB29897}.Release|Any CPU.ActiveCfg = Release|Any CPU
		{584DF2BE-907D-4982-AE37-E32B4FB29897}.Release|Any CPU.Build.0 = Release|Any CPU
		{85D803C4-E8FD-4322-B92C-86CDF1C39623}.Debug|Any CPU.ActiveCfg = Debug|Any CPU
		{85D803C4-E8FD-4322-B92C-86CDF1C39623}.Debug|Any CPU.Build.0 = Debug|Any CPU
		{85D803C4-E8FD-4322-B92C-86CDF1C39623}.Release|Any CPU.ActiveCfg = Release|Any CPU
		{85D803C4-E8FD-4322-B92C-86CDF1C39623}.Release|Any CPU.Build.0 = Release|Any CPU
	EndGlobalSection
	GlobalSection(SolutionProperties) = preSolution
		HideSolutionNode = FALSE
	EndGlobalSection
	GlobalSection(ExtensibilityGlobals) = postSolution
		SolutionGuid = {A3F4CF94-12AA-4532-91D5-E11B971A02E4}
	EndGlobalSection
EndGlobal
